
Microsoft Visual Studio Solution File, Format Version 12.00
# Visual Studio Version 17
VisualStudioVersion = 17.9.34728.123
MinimumVisualStudioVersion = 10.0.40219.1
Project("{FAE04EC0-301F-11D3-BF4B-00C04F79EFBC}") = "MathQuiz", "MathQuiz.csproj", "{DAB0317A-0484-4B5F-802A-ABF4F05E1EC3}"
EndProject
Global
	GlobalSection(SolutionConfigurationPlatforms) = preSolution
		Debug|Any CPU = Debug|Any CPU
		Release|Any CPU = Release|Any CPU
	EndGlobalSection
	GlobalSection(ProjectConfigurationPlatforms) = postSolution
		{DAB0317A-0484-4B5F-802A-ABF4F05E1EC3}.Debug|Any CPU.ActiveCfg = Debug|Any CPU
		{DAB0317A-0484-4B5F-802A-ABF4F05E1EC3}.Debug|Any CPU.Build.0 = Debug|Any CPU
		{DAB0317A-0484-4B5F-802A-ABF4F05E1EC3}.Release|Any CPU.ActiveCfg = Release|Any CPU
		{DAB0317A-0484-4B5F-802A-ABF4F05E1EC3}.Release|Any CPU.Build.0 = Release|Any CPU
	EndGlobalSection
	GlobalSection(SolutionProperties) = preSolution
		HideSolutionNode = FALSE
	EndGlobalSection
	GlobalSection(ExtensibilityGlobals) = postSolution
		SolutionGuid = {EDABBAC1-E1FB-4E6D-B121-E6F7C161F2C4}
	EndGlobalSection
EndGlobal
